
Microsoft Visual Studio Solution File, Format Version 12.00
Project("{FAE04EC0-301F-11D3-BF4B-00C04F79EFBC}") = "API", "API\API.csproj", "{E8CAB19B-8484-441A-B8BA-DC2A92B41A4F}"
EndProject
Project("{2150E333-8FDC-42A3-9474-1A3956D46DE8}") = "Core", "Core", "{3EC04D20-C8C5-4BB6-B0C7-B927A2FB6D14}"
EndProject
Project("{FAE04EC0-301F-11D3-BF4B-00C04F79EFBC}") = "Core.Data", "Core.Data\Core.Data.csproj", "{2B2190A9-1799-4339-9CB7-0A1F215A69A1}"
EndProject
Project("{FAE04EC0-301F-11D3-BF4B-00C04F79EFBC}") = "Core.Entities", "Core.Entities\Core.Entities.csproj", "{2174389D-9F83-4F0D-9E59-5AB14F279951}"
EndProject
Project("{FAE04EC0-301F-11D3-BF4B-00C04F79EFBC}") = "Core.Requests", "Core.Requests\Core.Requests.csproj", "{4A9FADE8-E0B0-4216-8A33-039CAEABDD55}"
EndProject
Project("{FAE04EC0-301F-11D3-BF4B-00C04F79EFBC}") = "Core.Responses", "Core.Responses\Core.Responses.csproj", "{C28B234F-B586-482A-8A5B-6CF40DD15628}"
EndProject
Project("{FAE04EC0-301F-11D3-BF4B-00C04F79EFBC}") = "Core.Handlers", "Core.Handlers\Core.Handlers.csproj", "{6672F8EB-8FA0-44E4-9DBC-0FE9B7A4E56A}"
EndProject
Project("{FAE04EC0-301F-11D3-BF4B-00C04F79EFBC}") = "Core.Models", "Core.Models\Core.Models.csproj", "{2245564A-2141-4C19-8502-52B7A7288EF2}"
EndProject
Project("{2150E333-8FDC-42A3-9474-1A3956D46DE8}") = "Mediatr", "Mediatr", "{530749EC-9EFB-459E-9DB7-893E885FCBEC}"
EndProject
Project("{FAE04EC0-301F-11D3-BF4B-00C04F79EFBC}") = "Core.Services", "Core.Services\Core.Services.csproj", "{90F9D13D-2ED5-4823-AD13-77B2E03B27B3}"
EndProject
Project("{FAE04EC0-301F-11D3-BF4B-00C04F79EFBC}") = "Core.Mappers", "Core.Mappers\Core.Mappers.csproj", "{8563E9E6-D127-4ADB-934A-560FB802DB7F}"
EndProject
Project("{FAE04EC0-301F-11D3-BF4B-00C04F79EFBC}") = "Core.Validators", "Core.Validators\Core.Validators.csproj", "{5A682E30-BFA3-468E-90F4-EE7E826CD535}"
EndProject
Project("{FAE04EC0-301F-11D3-BF4B-00C04F79EFBC}") = "Core.Exceptions", "Core.Exceptions\Core.Exceptions.csproj", "{09E770F2-3E8C-4AC6-8083-2100CD5D16FC}"
EndProject
Global
	GlobalSection(SolutionConfigurationPlatforms) = preSolution
		Debug|Any CPU = Debug|Any CPU
		Release|Any CPU = Release|Any CPU
	EndGlobalSection
	GlobalSection(ProjectConfigurationPlatforms) = postSolution
		{E8CAB19B-8484-441A-B8BA-DC2A92B41A4F}.Debug|Any CPU.ActiveCfg = Debug|Any CPU
		{E8CAB19B-8484-441A-B8BA-DC2A92B41A4F}.Debug|Any CPU.Build.0 = Debug|Any CPU
		{E8CAB19B-8484-441A-B8BA-DC2A92B41A4F}.Release|Any CPU.ActiveCfg = Release|Any CPU
		{E8CAB19B-8484-441A-B8BA-DC2A92B41A4F}.Release|Any CPU.Build.0 = Release|Any CPU
		{2B2190A9-1799-4339-9CB7-0A1F215A69A1}.Debug|Any CPU.ActiveCfg = Debug|Any CPU
		{2B2190A9-1799-4339-9CB7-0A1F215A69A1}.Debug|Any CPU.Build.0 = Debug|Any CPU
		{2B2190A9-1799-4339-9CB7-0A1F215A69A1}.Release|Any CPU.ActiveCfg = Release|Any CPU
		{2B2190A9-1799-4339-9CB7-0A1F215A69A1}.Release|Any CPU.Build.0 = Release|Any CPU
		{2174389D-9F83-4F0D-9E59-5AB14F279951}.Debug|Any CPU.ActiveCfg = Debug|Any CPU
		{2174389D-9F83-4F0D-9E59-5AB14F279951}.Debug|Any CPU.Build.0 = Debug|Any CPU
		{2174389D-9F83-4F0D-9E59-5AB14F279951}.Release|Any CPU.ActiveCfg = Release|Any CPU
		{2174389D-9F83-4F0D-9E59-5AB14F279951}.Release|Any CPU.Build.0 = Release|Any CPU
		{4A9FADE8-E0B0-4216-8A33-039CAEABDD55}.Debug|Any CPU.ActiveCfg = Debug|Any CPU
		{4A9FADE8-E0B0-4216-8A33-039CAEABDD55}.Debug|Any CPU.Build.0 = Debug|Any CPU
		{4A9FADE8-E0B0-4216-8A33-039CAEABDD55}.Release|Any CPU.ActiveCfg = Release|Any CPU
		{4A9FADE8-E0B0-4216-8A33-039CAEABDD55}.Release|Any CPU.Build.0 = Release|Any CPU
		{C28B234F-B586-482A-8A5B-6CF40DD15628}.Debug|Any CPU.ActiveCfg = Debug|Any CPU
		{C28B234F-B586-482A-8A5B-6CF40DD15628}.Debug|Any CPU.Build.0 = Debug|Any CPU
		{C28B234F-B586-482A-8A5B-6CF40DD15628}.Release|Any CPU.ActiveCfg = Release|Any CPU
		{C28B234F-B586-482A-8A5B-6CF40DD15628}.Release|Any CPU.Build.0 = Release|Any CPU
		{6672F8EB-8FA0-44E4-9DBC-0FE9B7A4E56A}.Debug|Any CPU.ActiveCfg = Debug|Any CPU
		{6672F8EB-8FA0-44E4-9DBC-0FE9B7A4E56A}.Debug|Any CPU.Build.0 = Debug|Any CPU
		{6672F8EB-8FA0-44E4-9DBC-0FE9B7A4E56A}.Release|Any CPU.ActiveCfg = Release|Any CPU
		{6672F8EB-8FA0-44E4-9DBC-0FE9B7A4E56A}.Release|Any CPU.Build.0 = Release|Any CPU
		{2245564A-2141-4C19-8502-52B7A7288EF2}.Debug|Any CPU.ActiveCfg = Debug|Any CPU
		{2245564A-2141-4C19-8502-52B7A7288EF2}.Debug|Any CPU.Build.0 = Debug|Any CPU
		{2245564A-2141-4C19-8502-52B7A7288EF2}.Release|Any CPU.ActiveCfg = Release|Any CPU
		{2245564A-2141-4C19-8502-52B7A7288EF2}.Release|Any CPU.Build.0 = Release|Any CPU
		{90F9D13D-2ED5-4823-AD13-77B2E03B27B3}.Debug|Any CPU.ActiveCfg = Debug|Any CPU
		{90F9D13D-2ED5-4823-AD13-77B2E03B27B3}.Debug|Any CPU.Build.0 = Debug|Any CPU
		{90F9D13D-2ED5-4823-AD13-77B2E03B27B3}.Release|Any CPU.ActiveCfg = Release|Any CPU
		{90F9D13D-2ED5-4823-AD13-77B2E03B27B3}.Release|Any CPU.Build.0 = Release|Any CPU
		{8563E9E6-D127-4ADB-934A-560FB802DB7F}.Debug|Any CPU.ActiveCfg = Debug|Any CPU
		{8563E9E6-D127-4ADB-934A-560FB802DB7F}.Debug|Any CPU.Build.0 = Debug|Any CPU
		{8563E9E6-D127-4ADB-934A-560FB802DB7F}.Release|Any CPU.ActiveCfg = Release|Any CPU
		{8563E9E6-D127-4ADB-934A-560FB802DB7F}.Release|Any CPU.Build.0 = Release|Any CPU
		{5A682E30-BFA3-468E-90F4-EE7E826CD535}.Debug|Any CPU.ActiveCfg = Debug|Any CPU
		{5A682E30-BFA3-468E-90F4-EE7E826CD535}.Debug|Any CPU.Build.0 = Debug|Any CPU
		{5A682E30-BFA3-468E-90F4-EE7E826CD535}.Release|Any CPU.ActiveCfg = Release|Any CPU
		{5A682E30-BFA3-468E-90F4-EE7E826CD535}.Release|Any CPU.Build.0 = Release|Any CPU
		{09E770F2-3E8C-4AC6-8083-2100CD5D16FC}.Debug|Any CPU.ActiveCfg = Debug|Any CPU
		{09E770F2-3E8C-4AC6-8083-2100CD5D16FC}.Debug|Any CPU.Build.0 = Debug|Any CPU
		{09E770F2-3E8C-4AC6-8083-2100CD5D16FC}.Release|Any CPU.ActiveCfg = Release|Any CPU
		{09E770F2-3E8C-4AC6-8083-2100CD5D16FC}.Release|Any CPU.Build.0 = Release|Any CPU
	EndGlobalSection
	GlobalSection(NestedProjects) = preSolution
		{2B2190A9-1799-4339-9CB7-0A1F215A69A1} = {3EC04D20-C8C5-4BB6-B0C7-B927A2FB6D14}
		{2174389D-9F83-4F0D-9E59-5AB14F279951} = {3EC04D20-C8C5-4BB6-B0C7-B927A2FB6D14}
		{530749EC-9EFB-459E-9DB7-893E885FCBEC} = {3EC04D20-C8C5-4BB6-B0C7-B927A2FB6D14}
		{4A9FADE8-E0B0-4216-8A33-039CAEABDD55} = {530749EC-9EFB-459E-9DB7-893E885FCBEC}
		{C28B234F-B586-482A-8A5B-6CF40DD15628} = {530749EC-9EFB-459E-9DB7-893E885FCBEC}
		{2245564A-2141-4C19-8502-52B7A7288EF2} = {3EC04D20-C8C5-4BB6-B0C7-B927A2FB6D14}
		{6672F8EB-8FA0-44E4-9DBC-0FE9B7A4E56A} = {530749EC-9EFB-459E-9DB7-893E885FCBEC}
		{90F9D13D-2ED5-4823-AD13-77B2E03B27B3} = {3EC04D20-C8C5-4BB6-B0C7-B927A2FB6D14}
		{8563E9E6-D127-4ADB-934A-560FB802DB7F} = {530749EC-9EFB-459E-9DB7-893E885FCBEC}
		{5A682E30-BFA3-468E-90F4-EE7E826CD535} = {530749EC-9EFB-459E-9DB7-893E885FCBEC}
		{09E770F2-3E8C-4AC6-8083-2100CD5D16FC} = {3EC04D20-C8C5-4BB6-B0C7-B927A2FB6D14}
	EndGlobalSection
EndGlobal
